{
    "_meta": {
        "hash": {
            "sha256": "db8f056ecb04eb06edf47f85df013943a72f88be08eb1274c061991cf0d0b1cc"
        },
        "pipfile-spec": 6,
        "requires": {
            "python_version": "3.8"
        },
        "sources": [
            {
                "name": "pypi",
                "url": "https://pypi.org/simple",
                "verify_ssl": true
            }
        ]
    },
    "default": {
        "jinja2": {
            "hashes": [
                "sha256:74320bb91f31270f9551d46522e33af46a80c3d619f4a4bf42b3164d30b5911f",
                "sha256:9fe95f19286cfefaa917656583d020be14e7859c6b0252588391e47db34527de"
            ],
            "index": "pypi",
            "version": "==2.10.3"
        },
        "markupsafe": {
            "hashes": [
                "sha256:00bc623926325b26bb9605ae9eae8a215691f33cae5df11ca5424f06f2d1f473",
                "sha256:09027a7803a62ca78792ad89403b1b7a73a01c8cb65909cd876f7fcebd79b161",
                "sha256:09c4b7f37d6c648cb13f9230d847adf22f8171b1ccc4d5682398e77f40309235",
                "sha256:1027c282dad077d0bae18be6794e6b6b8c91d58ed8a8d89a89d59693b9131db5",
                "sha256:24982cc2533820871eba85ba648cd53d8623687ff11cbb805be4ff7b4c971aff",
                "sha256:29872e92839765e546828bb7754a68c418d927cd064fd4708fab9fe9c8bb116b",
                "sha256:43a55c2930bbc139570ac2452adf3d70cdbb3cfe5912c71cdce1c2c6bbd9c5d1",
                "sha256:46c99d2de99945ec5cb54f23c8cd5689f6d7177305ebff350a58ce5f8de1669e",
                "sha256:500d4957e52ddc3351cabf489e79c91c17f6e0899158447047588650b5e69183",
                "sha256:535f6fc4d397c1563d08b88e485c3496cf5784e927af890fb3c3aac7f933ec66",
                "sha256:62fe6c95e3ec8a7fad637b7f3d372c15ec1caa01ab47926cfdf7a75b40e0eac1",
                "sha256:6dd73240d2af64df90aa7c4e7481e23825ea70af4b4922f8ede5b9e35f78a3b1",
                "sha256:717ba8fe3ae9cc0006d7c451f0bb265ee07739daf76355d06366154ee68d221e",
                "sha256:79855e1c5b8da654cf486b830bd42c06e8780cea587384cf6545b7d9ac013a0b",
                "sha256:7c1699dfe0cf8ff607dbdcc1e9b9af1755371f92a68f706051cc8c37d447c905",
                "sha256:88e5fcfb52ee7b911e8bb6d6aa2fd21fbecc674eadd44118a9cc3863f938e735",
                "sha256:8defac2f2ccd6805ebf65f5eeb132adcf2ab57aa11fdf4c0dd5169a004710e7d",
                "sha256:98c7086708b163d425c67c7a91bad6e466bb99d797aa64f965e9d25c12111a5e",
                "sha256:9add70b36c5666a2ed02b43b335fe19002ee5235efd4b8a89bfcf9005bebac0d",
                "sha256:9bf40443012702a1d2070043cb6291650a0841ece432556f784f004937f0f32c",
                "sha256:ade5e387d2ad0d7ebf59146cc00c8044acbd863725f887353a10df825fc8ae21",
                "sha256:b00c1de48212e4cc9603895652c5c410df699856a2853135b3967591e4beebc2",
                "sha256:b1282f8c00509d99fef04d8ba936b156d419be841854fe901d8ae224c59f0be5",
                "sha256:b2051432115498d3562c084a49bba65d97cf251f5a331c64a12ee7e04dacc51b",
                "sha256:ba59edeaa2fc6114428f1637ffff42da1e311e29382d81b339c1817d37ec93c6",
                "sha256:c8716a48d94b06bb3b2524c2b77e055fb313aeb4ea620c8dd03a105574ba704f",
                "sha256:cd5df75523866410809ca100dc9681e301e3c27567cf498077e8551b6d20e42f",
                "sha256:e249096428b3ae81b08327a63a485ad0878de3fb939049038579ac0ef61e17e7"
            ],
            "version": "==1.1.1"
        },
        "ply": {
            "hashes": [
                "sha256:00c7c1aaa88358b9c765b6d3000c6eec0ba42abca5351b095321aef446081da3",
                "sha256:096f9b8350b65ebd2fd1346b12452efe5b9607f7482813ffca50c22722a807ce"
            ],
            "version": "==3.11"
        },
        "pyasn1": {
            "hashes": [
                "sha256:39c7e2ec30515947ff4e87fb6f456dfc6e84857d34be479c9d4a4ba4bf46aa5d",
                "sha256:aef77c9fb94a3ac588e87841208bdec464471d9871bd5050a287cc9a475cd0ba"
            ],
            "version": "==0.4.8"
        },
        "pycryptodomex": {
            "hashes": [
                "sha256:0943b65fb41b7403a9def6214061fdd9ab9afd0bbc581e553c72eebe60bded36",
                "sha256:0a1dbb5c4d975a4ea568fb7686550aa225d94023191fb0cca8747dc5b5d77857",
                "sha256:0f43f1608518347fdcb9c8f443fa5cabedd33f94188b13e4196a3a7ba90d169c",
                "sha256:11ce5fec5990e34e3981ed14897ba601c83957b577d77d395f1f8f878a179f98",
                "sha256:17a09e38fdc91e4857cf5a7ce82f3c0b229c3977490f2146513e366923fc256b",
                "sha256:22d970cee5c096b9123415e183ae03702b2cd4d3ba3f0ced25c4e1aba3967167",
                "sha256:2a1793efcbae3a2264c5e0e492a2629eb10d895d6e5f17dbbd00eb8b489c6bda",
                "sha256:30a8a148a0fe482cec1aaf942bbd0ade56ec197c14fe058b2a94318c57e1f991",
                "sha256:32fbbaf964c5184d3f3e349085b0536dd28184b02e2b014fc900f58bbc126339",
                "sha256:347d67faee36d449dc9632da411cc318df52959079062627f1243001b10dc227",
                "sha256:45f4b4e5461a041518baabc52340c249b60833aa84cea6377dc8016a2b33c666",
                "sha256:4717daec0035034b002d31c42e55431c970e3e38a78211f43990e1b7eaf19e28",
                "sha256:51a1ac9e7dda81da444fed8be558a60ec88dfc73b2aa4b0efa310e87acb75838",
                "sha256:53e9dcc8f14783f6300b70da325a50ac1b0a3dbaee323bd9dc3f71d409c197a1",
                "sha256:5519a2ed776e193688b7ddb61ab709303f6eb7d1237081e298283c72acc44271",
                "sha256:583450e8e80a0885c453211ed2bd69ceea634d8c904f23ff8687f677fe810e95",
                "sha256:60f862bd2a07133585a4fc2ce2b1a8ec24746b07ac44307d22ef2b767cb03435",
                "sha256:612091f1d3c84e723bec7cb855cf77576e646045744794c9a3f75ba80737762f",
                "sha256:629a87b87c8203b8789ccefc7f2f2faecd2daaeb56bdd0b4e44cd89565f2db07",
                "sha256:6e56ec4c8938fb388b6f250ddd5e21c15e8f25a76e0ad0e2abae9afee09e67b4",
                "sha256:8e8092651844a11ec7fa534395f3dfe99256ce4edca06f128efc9d770d6e1dc1",
                "sha256:8f5f260629876603e08f3ce95c8ccd9b6b83bf9a921c41409046796267f7adc5",
                "sha256:9a6b74f38613f54c56bd759b411a352258f47489bbefd1d57c930a291498b35b",
                "sha256:a5a13ebb52c4cd065fb673d8c94f39f30823428a4de19e1f3f828b63a8882d1e",
                "sha256:a77ca778a476829876a3a70ae880073379160e4a465d057e3c4e1c79acdf1b8a",
                "sha256:a9f7be3d19f79429c2118fd61bc2ec4fa095e93b56fb3a5f3009822402c4380f",
                "sha256:dc15a467c4f9e4b43748ba2f97aea66f67812bfd581818284c47cadc81d4caec",
                "sha256:e13cdeea23059f7577c230fd580d2c8178e67ebe10e360041abe86c33c316f1c",
                "sha256:e45b85c8521bca6bdfaf57e4987743ade53e9f03529dd3adbc9524094c6d55c4",
                "sha256:e87f17867b260f57c88487f943eb4d46c90532652bb37046e764842c3b66cbb1",
                "sha256:ee40a5b156f6c1192bc3082e9d73d0479904433cdda83110546cd67f5a15a5be",
                "sha256:ef63ffde3b267043579af8830fc97fc3b9b8a526a24e3ba23af9989d4e9e689a"
            ],
            "version": "==3.9.4"
        },
        "pysmi": {
            "hashes": [
                "sha256:2ec6ebd41aaef562695e7d0058763c6e1e8c1fbf8710804c11ef3a857fc9cad7",
                "sha256:bd15a15020aee8376cab5be264c26330824a8b8164ed0195bd402dd59e4e8f7c"
            ],
            "version": "==0.3.4"
        },
        "pysnmp": {
            "hashes": [
                "sha256:0c3dbef2f958caca96071fe5c19de43e9c1b0484ab02a0cf08b190bcee768ba9",
                "sha256:d90946c5d7c55b1ddc03e065a99a2ed36e748dcf166ca04ee4126b8f25fc057a"
            ],
            "index": "pypi",
            "version": "==4.4.12"
        }
    },
    "develop": {
        "autopep8": {
            "hashes": [
                "sha256:4d8eec30cc81bc5617dbf1218201d770dc35629363547f17577c61683ccfb3ee"
            ],
            "index": "pypi",
            "version": "==1.4.4"
        },
        "entrypoints": {
            "hashes": [
                "sha256:589f874b313739ad35be6e0cd7efde2a4e9b6fea91edcc34e58ecbb8dbe56d19",
                "sha256:c70dd71abe5a8c85e55e12c19bd91ccfeec11a6e99044204511f9ed547d48451"
            ],
            "version": "==0.3"
        },
        "flake8": {
            "hashes": [
                "sha256:45681a117ecc81e870cbf1262835ae4af5e7a8b08e40b944a8a6e6b895914cfb",
                "sha256:49356e766643ad15072a789a20915d3c91dc89fd313ccd71802303fd67e4deca"
            ],
            "index": "pypi",
            "version": "==3.7.9"
        },
        "mccabe": {
            "hashes": [
                "sha256:ab8a6258860da4b6677da4bd2fe5dc2c659cff31b3ee4f7f5d64e79735b80d42",
                "sha256:dd8d182285a0fe56bace7f45b5e7d1a6ebcbf524e8f3bd87eb0f125271b8831f"
            ],
            "version": "==0.6.1"
        },
        "pycodestyle": {
            "hashes": [
                "sha256:95a2219d12372f05704562a14ec30bc76b05a5b297b21a5dfe3f6fac3491ae56",
                "sha256:e40a936c9a450ad81df37f549d676d127b1b66000a6c500caa2b085bc0ca976c"
            ],
            "version": "==2.5.0"
        },
        "pyflakes": {
            "hashes": [
                "sha256:17dbeb2e3f4d772725c777fabc446d5634d1038f234e77343108ce445ea69ce0",
                "sha256:d976835886f8c5b31d47970ed689944a0262b5f3afa00a5a7b4dc81e5449f8a2"
            ],
            "version": "==2.1.1"
        }
    }
}
